// !$*UTF8*$!
{
	archiveVersion = 1;
	classes = {
	};
	objectVersion = 77;
	objects = {

/* Begin PBXBuildFile section */
		636FA9962DFFCAC800DEAA7B /* ZIPFoundation in Frameworks */ = {isa = PBXBuildFile; productRef = 636FA9952DFFCAC800DEAA7B /* ZIPFoundation */; };
/* End PBXBuildFile section */

/* Begin PBXContainerItemProxy section */
		63FA2FDE2DFBD4980080F00D /* PBXContainerItemProxy */ = {
			isa = PBXContainerItemProxy;
			containerPortal = 63FA2FC72DFBD4970080F00D /* Project object */;
			proxyType = 1;
			remoteGlobalIDString = 63FA2FCE2DFBD4970080F00D;
			remoteInfo = "商家账单";
		};
		63FA2FE82DFBD4980080F00D /* PBXContainerItemProxy */ = {
			isa = PBXContainerItemProxy;
			containerPortal = 63FA2FC72DFBD4970080F00D /* Project object */;
			proxyType = 1;
			remoteGlobalIDString = 63FA2FCE2DFBD4970080F00D;
			remoteInfo = "商家账单";
		};
/* End PBXContainerItemProxy section */

/* Begin PBXFileReference section */
		63FA2FCF2DFBD4970080F00D /* 商家账单.app */ = {isa = PBXFileReference; explicitFileType = wrapper.application; includeInIndex = 0; path = "商家账单.app"; sourceTree = BUILT_PRODUCTS_DIR; };
		63FA2FDD2DFBD4980080F00D /* 商家账单Tests.xctest */ = {isa = PBXFileReference; explicitFileType = wrapper.cfbundle; includeInIndex = 0; path = "商家账单Tests.xctest"; sourceTree = BUILT_PRODUCTS_DIR; };
		63FA2FE72DFBD4980080F00D /* 商家账单UITests.xctest */ = {isa = PBXFileReference; explicitFileType = wrapper.cfbundle; includeInIndex = 0; path = "商家账单UITests.xctest"; sourceTree = BUILT_PRODUCTS_DIR; };
/* End PBXFileReference section */

/* Begin PBXFileSystemSynchronizedRootGroup section */
		63FA2FD12DFBD4970080F00D /* 商家账单 */ = {
			isa = PBXFileSystemSynchronizedRootGroup;
			path = "商家账单";
			sourceTree = "<group>";
		};
		63FA2FE02DFBD4980080F00D /* 商家账单Tests */ = {
			isa = PBXFileSystemSynchronizedRootGroup;
			path = "商家账单Tests";
			sourceTree = "<group>";
		};
		63FA2FEA2DFBD4980080F00D /* 商家账单UITests */ = {
			isa = PBXFileSystemSynchronizedRootGroup;
			path = "商家账单UITests";
			sourceTree = "<group>";
		};
/* End PBXFileSystemSynchronizedRootGroup section */

/* Begin PBXFrameworksBuildPhase section */
		63FA2FCC2DFBD4970080F00D /* Frameworks */ = {
			isa = PBXFrameworksBuildPhase;
			buildActionMask = 2147483647;
			files = (
				636FA9962DFFCAC800DEAA7B /* ZIPFoundation in Frameworks */,
			);
			runOnlyForDeploymentPostprocessing = 0;
		};
		63FA2FDA2DFBD4980080F00D /* Frameworks */ = {
			isa = PBXFrameworksBuildPhase;
			buildActionMask = 2147483647;
			files = (
			);
			runOnlyForDeploymentPostprocessing = 0;
		};
		63FA2FE42DFBD4980080F00D /* Frameworks */ = {
			isa = PBXFrameworksBuildPhase;
			buildActionMask = 2147483647;
			files = (
			);
			runOnlyForDeploymentPostprocessing = 0;
		};
/* End PBXFrameworksBuildPhase section */

/* Begin PBXGroup section */
		636FA9942DFFCAC800DEAA7B /* Frameworks */ = {
			isa = PBXGroup;
			children = (
			);
			name = Frameworks;
			sourceTree = "<group>";
		};
		63FA2FC62DFBD4970080F00D = {
			isa = PBXGroup;
			children = (
				63FA2FD12DFBD4970080F00D /* 商家账单 */,
				63FA2FE02DFBD4980080F00D /* 商家账单Tests */,
				63FA2FEA2DFBD4980080F00D /* 商家账单UITests */,
				636FA9942DFFCAC800DEAA7B /* Frameworks */,
				63FA2FD02DFBD4970080F00D /* Products */,
			);
			sourceTree = "<group>";
		};
		63FA2FD02DFBD4970080F00D /* Products */ = {
			isa = PBXGroup;
			children = (
				63FA2FCF2DFBD4970080F00D /* 商家账单.app */,
				63FA2FDD2DFBD4980080F00D /* 商家账单Tests.xctest */,
				63FA2FE72DFBD4980080F00D /* 商家账单UITests.xctest */,
			);
			name = Products;
			sourceTree = "<group>";
		};
/* End PBXGroup section */

/* Begin PBXNativeTarget section */
		63FA2FCE2DFBD4970080F00D /* 商家账单 */ = {
			isa = PBXNativeTarget;
			buildConfigurationList = 63FA2FF12DFBD4980080F00D /* Build configuration list for PBXNativeTarget "商家账单" */;
			buildPhases = (
				63FA2FCB2DFBD4970080F00D /* Sources */,
				63FA2FCC2DFBD4970080F00D /* Frameworks */,
				63FA2FCD2DFBD4970080F00D /* Resources */,
			);
			buildRules = (
			);
			dependencies = (
			);
			fileSystemSynchronizedGroups = (
				63FA2FD12DFBD4970080F00D /* 商家账单 */,
			);
			name = "商家账单";
			packageProductDependencies = (
				636FA9952DFFCAC800DEAA7B /* ZIPFoundation */,
			);
			productName = "商家账单";
			productReference = 63FA2FCF2DFBD4970080F00D /* 商家账单.app */;
			productType = "com.apple.product-type.application";
		};
		63FA2FDC2DFBD4980080F00D /* 商家账单Tests */ = {
			isa = PBXNativeTarget;
			buildConfigurationList = 63FA2FF42DFBD4980080F00D /* Build configuration list for PBXNativeTarget "商家账单Tests" */;
			buildPhases = (
				63FA2FD92DFBD4980080F00D /* Sources */,
				63FA2FDA2DFBD4980080F00D /* Frameworks */,
				63FA2FDB2DFBD4980080F00D /* Resources */,
			);
			buildRules = (
			);
			dependencies = (
				63FA2FDF2DFBD4980080F00D /* PBXTargetDependency */,
			);
			fileSystemSynchronizedGroups = (
				63FA2FE02DFBD4980080F00D /* 商家账单Tests */,
			);
			name = "商家账单Tests";
			packageProductDependencies = (
			);
			productName = "商家账单Tests";
			productReference = 63FA2FDD2DFBD4980080F00D /* 商家账单Tests.xctest */;
			productType = "com.apple.product-type.bundle.unit-test";
		};
		63FA2FE62DFBD4980080F00D /* 商家账单UITests */ = {
			isa = PBXNativeTarget;
			buildConfigurationList = 63FA2FF72DFBD4980080F00D /* Build configuration list for PBXNativeTarget "商家账单UITests" */;
			buildPhases = (
				63FA2FE32DFBD4980080F00D /* Sources */,
				63FA2FE42DFBD4980080F00D /* Frameworks */,
				63FA2FE52DFBD4980080F00D /* Resources */,
			);
			buildRules = (
			);
			dependencies = (
				63FA2FE92DFBD4980080F00D /* PBXTargetDependency */,
			);
			fileSystemSynchronizedGroups = (
				63FA2FEA2DFBD4980080F00D /* 商家账单UITests */,
			);
			name = "商家账单UITests";
			packageProductDependencies = (
			);
			productName = "商家账单UITests";
			productReference = 63FA2FE72DFBD4980080F00D /* 商家账单UITests.xctest */;
			productType = "com.apple.product-type.bundle.ui-testing";
		};
/* End PBXNativeTarget section */

/* Begin PBXProject section */
		63FA2FC72DFBD4970080F00D /* Project object */ = {
			isa = PBXProject;
			attributes = {
				BuildIndependentTargetsInParallel = 1;
				LastSwiftUpdateCheck = 1640;
				LastUpgradeCheck = 1640;
				TargetAttributes = {
					63FA2FCE2DFBD4970080F00D = {
						CreatedOnToolsVersion = 16.4;
					};
					63FA2FDC2DFBD4980080F00D = {
						CreatedOnToolsVersion = 16.4;
						TestTargetID = 63FA2FCE2DFBD4970080F00D;
					};
					63FA2FE62DFBD4980080F00D = {
						CreatedOnToolsVersion = 16.4;
						TestTargetID = 63FA2FCE2DFBD4970080F00D;
					};
				};
			};
			buildConfigurationList = 63FA2FCA2DFBD4970080F00D /* Build configuration list for PBXProject "商家账单" */;
			developmentRegion = en;
			hasScannedForEncodings = 0;
			knownRegions = (
				en,
				Base,
			);
			mainGroup = 63FA2FC62DFBD4970080F00D;
			minimizedProjectReferenceProxies = 1;
			packageReferences = (
				636FA9912DFFC95000DEAA7B /* XCRemoteSwiftPackageReference "ZIPFoundation" */,
			);
			preferredProjectObjectVersion = 77;
			productRefGroup = 63FA2FD02DFBD4970080F00D /* Products */;
			projectDirPath = "";
			projectRoot = "";
			targets = (
				63FA2FCE2DFBD4970080F00D /* 商家账单 */,
				63FA2FDC2DFBD4980080F00D /* 商家账单Tests */,
				63FA2FE62DFBD4980080F00D /* 商家账单UITests */,
			);
		};
/* End PBXProject section */

/* Begin PBXResourcesBuildPhase section */
		63FA2FCD2DFBD4970080F00D /* Resources */ = {
			isa = PBXResourcesBuildPhase;
			buildActionMask = 2147483647;
			files = (
			);
			runOnlyForDeploymentPostprocessing = 0;
		};
		63FA2FDB2DFBD4980080F00D /* Resources */ = {
			isa = PBXResourcesBuildPhase;
			buildActionMask = 2147483647;
			files = (
			);
			runOnlyForDeploymentPostprocessing = 0;
		};
		63FA2FE52DFBD4980080F00D /* Resources */ = {
			isa = PBXResourcesBuildPhase;
			buildActionMask = 2147483647;
			files = (
			);
			runOnlyForDeploymentPostprocessing = 0;
		};
/* End PBXResourcesBuildPhase section */

/* Begin PBXSourcesBuildPhase section */
		63FA2FCB2DFBD4970080F00D /* Sources */ = {
			isa = PBXSourcesBuildPhase;
			buildActionMask = 2147483647;
			files = (
			);
			runOnlyForDeploymentPostprocessing = 0;
		};
		63FA2FD92DFBD4980080F00D /* Sources */ = {
			isa = PBXSourcesBuildPhase;
			buildActionMask = 2147483647;
			files = (
			);
			runOnlyForDeploymentPostprocessing = 0;
		};
		63FA2FE32DFBD4980080F00D /* Sources */ = {
			isa = PBXSourcesBuildPhase;
			buildActionMask = 2147483647;
			files = (
			);
			runOnlyForDeploymentPostprocessing = 0;
		};
/* End PBXSourcesBuildPhase section */

/* Begin PBXTargetDependency section */
		63FA2FDF2DFBD4980080F00D /* PBXTargetDependency */ = {
			isa = PBXTargetDependency;
			target = 63FA2FCE2DFBD4970080F00D /* 商家账单 */;
			targetProxy = 63FA2FDE2DFBD4980080F00D /* PBXContainerItemProxy */;
		};
		63FA2FE92DFBD4980080F00D /* PBXTargetDependency */ = {
			isa = PBXTargetDependency;
			target = 63FA2FCE2DFBD4970080F00D /* 商家账单 */;
			targetProxy = 63FA2FE82DFBD4980080F00D /* PBXContainerItemProxy */;
		};
/* End PBXTargetDependency section */

/* Begin XCBuildConfiguration section */
		63FA2FEF2DFBD4980080F00D /* Debug */ = {
			isa = XCBuildConfiguration;
			buildSettings = {
				ALWAYS_SEARCH_USER_PATHS = NO;
				ASSETCATALOG_COMPILER_GENERATE_SWIFT_ASSET_SYMBOL_EXTENSIONS = YES;
				CLANG_ANALYZER_NONNULL = YES;
				CLANG_ANALYZER_NUMBER_OBJECT_CONVERSION = YES_AGGRESSIVE;
				CLANG_CXX_LANGUAGE_STANDARD = "gnu++20";
				CLANG_ENABLE_MODULES = YES;
				CLANG_ENABLE_OBJC_ARC = YES;
				CLANG_ENABLE_OBJC_WEAK = YES;
				CLANG_WARN_BLOCK_CAPTURE_AUTORELEASING = YES;
				CLANG_WARN_BOOL_CONVERSION = YES;
				CLANG_WARN_COMMA = YES;
				CLANG_WARN_CONSTANT_CONVERSION = YES;
				CLANG_WARN_DEPRECATED_OBJC_IMPLEMENTATIONS = YES;
				CLANG_WARN_DIRECT_OBJC_ISA_USAGE = YES_ERROR;
				CLANG_WARN_DOCUMENTATION_COMMENTS = YES;
				CLANG_WARN_EMPTY_BODY = YES;
				CLANG_WARN_ENUM_CONVERSION = YES;
				CLANG_WARN_INFINITE_RECURSION = YES;
				CLANG_WARN_INT_CONVERSION = YES;
				CLANG_WARN_NON_LITERAL_NULL_CONVERSION = YES;
				CLANG_WARN_OBJC_IMPLICIT_RETAIN_SELF = YES;
				CLANG_WARN_OBJC_LITERAL_CONVERSION = YES;
				CLANG_WARN_OBJC_ROOT_CLASS = YES_ERROR;
				CLANG_WARN_QUOTED_INCLUDE_IN_FRAMEWORK_HEADER = YES;
				CLANG_WARN_RANGE_LOOP_ANALYSIS = YES;
				CLANG_WARN_STRICT_PROTOTYPES = YES;
				CLANG_WARN_SUSPICIOUS_MOVE = YES;
				CLANG_WARN_UNGUARDED_AVAILABILITY = YES_AGGRESSIVE;
				CLANG_WARN_UNREACHABLE_CODE = YES;
				CLANG_WARN__DUPLICATE_METHOD_MATCH = YES;
				COPY_PHASE_STRIP = NO;
				DEBUG_INFORMATION_FORMAT = dwarf;
				ENABLE_STRICT_OBJC_MSGSEND = YES;
				ENABLE_TESTABILITY = YES;
				ENABLE_USER_SCRIPT_SANDBOXING = YES;
				GCC_C_LANGUAGE_STANDARD = gnu17;
				GCC_DYNAMIC_NO_PIC = NO;
				GCC_NO_COMMON_BLOCKS = YES;
				GCC_OPTIMIZATION_LEVEL = 0;
				GCC_PREPROCESSOR_DEFINITIONS = (
					"DEBUG=1",
					"$(inherited)",
				);
				GCC_WARN_64_TO_32_BIT_CONVERSION = YES;
				GCC_WARN_ABOUT_RETURN_TYPE = YES_ERROR;
				GCC_WARN_UNDECLARED_SELECTOR = YES;
				GCC_WARN_UNINITIALIZED_AUTOS = YES_AGGRESSIVE;
				GCC_WARN_UNUSED_FUNCTION = YES;
				GCC_WARN_UNUSED_VARIABLE = YES;
				LOCALIZATION_PREFERS_STRING_CATALOGS = YES;
				MTL_ENABLE_DEBUG_INFO = INCLUDE_SOURCE;
				MTL_FAST_MATH = YES;
				ONLY_ACTIVE_ARCH = YES;
				SWIFT_ACTIVE_COMPILATION_CONDITIONS = "DEBUG $(inherited)";
				SWIFT_OPTIMIZATION_LEVEL = "-Onone";
			};
			name = Debug;
		};
		63FA2FF02DFBD4980080F00D /* Release */ = {
			isa = XCBuildConfiguration;
			buildSettings = {
				ALWAYS_SEARCH_USER_PATHS = NO;
				ASSETCATALOG_COMPILER_GENERATE_SWIFT_ASSET_SYMBOL_EXTENSIONS = YES;
				CLANG_ANALYZER_NONNULL = YES;
				CLANG_ANALYZER_NUMBER_OBJECT_CONVERSION = YES_AGGRESSIVE;
				CLANG_CXX_LANGUAGE_STANDARD = "gnu++20";
				CLANG_ENABLE_MODULES = YES;
				CLANG_ENABLE_OBJC_ARC = YES;
				CLANG_ENABLE_OBJC_WEAK = YES;
				CLANG_WARN_BLOCK_CAPTURE_AUTORELEASING = YES;
				CLANG_WARN_BOOL_CONVERSION = YES;
				CLANG_WARN_COMMA = YES;
				CLANG_WARN_CONSTANT_CONVERSION = YES;
				CLANG_WARN_DEPRECATED_OBJC_IMPLEMENTATIONS = YES;
				CLANG_WARN_DIRECT_OBJC_ISA_USAGE = YES_ERROR;
				CLANG_WARN_DOCUMENTATION_COMMENTS = YES;
				CLANG_WARN_EMPTY_BODY = YES;
				CLANG_WARN_ENUM_CONVERSION = YES;
				CLANG_WARN_INFINITE_RECURSION = YES;
				CLANG_WARN_INT_CONVERSION = YES;
				CLANG_WARN_NON_LITERAL_NULL_CONVERSION = YES;
				CLANG_WARN_OBJC_IMPLICIT_RETAIN_SELF = YES;
				CLANG_WARN_OBJC_LITERAL_CONVERSION = YES;
				CLANG_WARN_OBJC_ROOT_CLASS = YES_ERROR;
				CLANG_WARN_QUOTED_INCLUDE_IN_FRAMEWORK_HEADER = YES;
				CLANG_WARN_RANGE_LOOP_ANALYSIS = YES;
				CLANG_WARN_STRICT_PROTOTYPES = YES;
				CLANG_WARN_SUSPICIOUS_MOVE = YES;
				CLANG_WARN_UNGUARDED_AVAILABILITY = YES_AGGRESSIVE;
				CLANG_WARN_UNREACHABLE_CODE = YES;
				CLANG_WARN__DUPLICATE_METHOD_MATCH = YES;
				COPY_PHASE_STRIP = NO;
				DEBUG_INFORMATION_FORMAT = "dwarf-with-dsym";
				ENABLE_NS_ASSERTIONS = NO;
				ENABLE_STRICT_OBJC_MSGSEND = YES;
				ENABLE_USER_SCRIPT_SANDBOXING = YES;
				GCC_C_LANGUAGE_STANDARD = gnu17;
				GCC_NO_COMMON_BLOCKS = YES;
				GCC_WARN_64_TO_32_BIT_CONVERSION = YES;
				GCC_WARN_ABOUT_RETURN_TYPE = YES_ERROR;
				GCC_WARN_UNDECLARED_SELECTOR = YES;
				GCC_WARN_UNINITIALIZED_AUTOS = YES_AGGRESSIVE;
				GCC_WARN_UNUSED_FUNCTION = YES;
				GCC_WARN_UNUSED_VARIABLE = YES;
				LOCALIZATION_PREFERS_STRING_CATALOGS = YES;
				MTL_ENABLE_DEBUG_INFO = NO;
				MTL_FAST_MATH = YES;
				SWIFT_COMPILATION_MODE = wholemodule;
			};
			name = Release;
		};
		63FA2FF22DFBD4980080F00D /* Debug */ = {
			isa = XCBuildConfiguration;
			buildSettings = {
				ASSETCATALOG_COMPILER_APPICON_NAME = AppIcon;
				ASSETCATALOG_COMPILER_GLOBAL_ACCENT_COLOR_NAME = AccentColor;
				CODE_SIGN_ENTITLEMENTS = "商家账单/____.entitlements";
				CODE_SIGN_STYLE = Automatic;
				CURRENT_PROJECT_VERSION = 1;
				DEVELOPMENT_TEAM = 7599NDF86G;
				ENABLE_PREVIEWS = YES;
				GENERATE_INFOPLIST_FILE = YES;
				INFOPLIST_FILE = "-----Info.plist";
				INFOPLIST_KEY_NSPhotoLibraryAddUsageDescription = "";
				INFOPLIST_KEY_NSPhotoLibraryUsageDescription = "";
				"INFOPLIST_KEY_UIApplicationSceneManifest_Generation[sdk=iphoneos*]" = YES;
				"INFOPLIST_KEY_UIApplicationSceneManifest_Generation[sdk=iphonesimulator*]" = YES;
				"INFOPLIST_KEY_UIApplicationSupportsIndirectInputEvents[sdk=iphoneos*]" = YES;
				"INFOPLIST_KEY_UIApplicationSupportsIndirectInputEvents[sdk=iphonesimulator*]" = YES;
				"INFOPLIST_KEY_UILaunchScreen_Generation[sdk=iphoneos*]" = YES;
				"INFOPLIST_KEY_UILaunchScreen_Generation[sdk=iphonesimulator*]" = YES;
				"INFOPLIST_KEY_UIStatusBarStyle[sdk=iphoneos*]" = UIStatusBarStyleDefault;
				"INFOPLIST_KEY_UIStatusBarStyle[sdk=iphonesimulator*]" = UIStatusBarStyleDefault;
				INFOPLIST_KEY_UISupportedInterfaceOrientations_iPad = "UIInterfaceOrientationPortrait UIInterfaceOrientationPortraitUpsideDown UIInterfaceOrientationLandscapeLeft UIInterfaceOrientationLandscapeRight";
				INFOPLIST_KEY_UISupportedInterfaceOrientations_iPhone = "UIInterfaceOrientationPortrait UIInterfaceOrientationLandscapeLeft UIInterfaceOrientationLandscapeRight";
				IPHONEOS_DEPLOYMENT_TARGET = 18.5;
				LD_RUNPATH_SEARCH_PATHS = "@executable_path/Frameworks";
				"LD_RUNPATH_SEARCH_PATHS[sdk=macosx*]" = "@executable_path/../Frameworks";
				MACOSX_DEPLOYMENT_TARGET = 15.5;
				MARKETING_VERSION = 1.0;
				PRODUCT_BUNDLE_IDENTIFIER = "David-LIU.----";
				PRODUCT_NAME = "$(TARGET_NAME)";
				REGISTER_APP_GROUPS = YES;
				SDKROOT = auto;
				SUPPORTED_PLATFORMS = "iphoneos iphonesimulator macosx xros xrsimulator";
				SWIFT_EMIT_LOC_STRINGS = YES;
				SWIFT_VERSION = 5.0;
				TARGETED_DEVICE_FAMILY = "1,2,7";
				XROS_DEPLOYMENT_TARGET = 2.5;
			};
			name = Debug;
		};
		63FA2FF32DFBD4980080F00D /* Release */ = {
			isa = XCBuildConfiguration;
			buildSettings = {
				ASSETCATALOG_COMPILER_APPICON_NAME = AppIcon;
				ASSETCATALOG_COMPILER_GLOBAL_ACCENT_COLOR_NAME = AccentColor;
				CODE_SIGN_ENTITLEMENTS = "商家账单/____.entitlements";
				CODE_SIGN_STYLE = Automatic;
				CURRENT_PROJECT_VERSION = 1;
				DEVELOPMENT_TEAM = 7599NDF86G;
				ENABLE_PREVIEWS = YES;
				GENERATE_INFOPLIST_FILE = YES;
				INFOPLIST_FILE = "-----Info.plist";
				INFOPLIST_KEY_NSPhotoLibraryAddUsageDescription = "";
				INFOPLIST_KEY_NSPhotoLibraryUsageDescription = "";
				"INFOPLIST_KEY_UIApplicationSceneManifest_Generation[sdk=iphoneos*]" = YES;
				"INFOPLIST_KEY_UIApplicationSceneManifest_Generation[sdk=iphonesimulator*]" = YES;
				"INFOPLIST_KEY_UIApplicationSupportsIndirectInputEvents[sdk=iphoneos*]" = YES;
				"INFOPLIST_KEY_UIApplicationSupportsIndirectInputEvents[sdk=iphonesimulator*]" = YES;
				"INFOPLIST_KEY_UILaunchScreen_Generation[sdk=iphoneos*]" = YES;
				"INFOPLIST_KEY_UILaunchScreen_Generation[sdk=iphonesimulator*]" = YES;
				"INFOPLIST_KEY_UIStatusBarStyle[sdk=iphoneos*]" = UIStatusBarStyleDefault;
				"INFOPLIST_KEY_UIStatusBarStyle[sdk=iphonesimulator*]" = UIStatusBarStyleDefault;
				INFOPLIST_KEY_UISupportedInterfaceOrientations_iPad = "UIInterfaceOrientationPortrait UIInterfaceOrientationPortraitUpsideDown UIInterfaceOrientationLandscapeLeft UIInterfaceOrientationLandscapeRight";
				INFOPLIST_KEY_UISupportedInterfaceOrientations_iPhone = "UIInterfaceOrientationPortrait UIInterfaceOrientationLandscapeLeft UIInterfaceOrientationLandscapeRight";
				IPHONEOS_DEPLOYMENT_TARGET = 18.5;
				LD_RUNPATH_SEARCH_PATHS = "@executable_path/Frameworks";
				"LD_RUNPATH_SEARCH_PATHS[sdk=macosx*]" = "@executable_path/../Frameworks";
				MACOSX_DEPLOYMENT_TARGET = 15.5;
				MARKETING_VERSION = 1.0;
				PRODUCT_BUNDLE_IDENTIFIER = "David-LIU.----";
				PRODUCT_NAME = "$(TARGET_NAME)";
				REGISTER_APP_GROUPS = YES;
				SDKROOT = auto;
				SUPPORTED_PLATFORMS = "iphoneos iphonesimulator macosx xros xrsimulator";
				SWIFT_EMIT_LOC_STRINGS = YES;
				SWIFT_VERSION = 5.0;
				TARGETED_DEVICE_FAMILY = "1,2,7";
				XROS_DEPLOYMENT_TARGET = 2.5;
			};
			name = Release;
		};
		63FA2FF52DFBD4980080F00D /* Debug */ = {
			isa = XCBuildConfiguration;
			buildSettings = {
				BUNDLE_LOADER = "$(TEST_HOST)";
				CODE_SIGN_STYLE = Automatic;
				CURRENT_PROJECT_VERSION = 1;
				GENERATE_INFOPLIST_FILE = YES;
				IPHONEOS_DEPLOYMENT_TARGET = 18.5;
				MACOSX_DEPLOYMENT_TARGET = 15.5;
				MARKETING_VERSION = 1.0;
				PRODUCT_BUNDLE_IDENTIFIER = "David-LIU.----Tests";
				PRODUCT_NAME = "$(TARGET_NAME)";
				SDKROOT = auto;
				SUPPORTED_PLATFORMS = "iphoneos iphonesimulator macosx xros xrsimulator";
				SWIFT_EMIT_LOC_STRINGS = NO;
				SWIFT_VERSION = 5.0;
				TARGETED_DEVICE_FAMILY = "1,2,7";
				TEST_HOST = "$(BUILT_PRODUCTS_DIR)/商家账单.app/$(BUNDLE_EXECUTABLE_FOLDER_PATH)/商家账单";
				XROS_DEPLOYMENT_TARGET = 2.5;
			};
			name = Debug;
		};
		63FA2FF62DFBD4980080F00D /* Release */ = {
			isa = XCBuildConfiguration;
			buildSettings = {
				BUNDLE_LOADER = "$(TEST_HOST)";
				CODE_SIGN_STYLE = Automatic;
				CURRENT_PROJECT_VERSION = 1;
				GENERATE_INFOPLIST_FILE = YES;
				IPHONEOS_DEPLOYMENT_TARGET = 18.5;
				MACOSX_DEPLOYMENT_TARGET = 15.5;
				MARKETING_VERSION = 1.0;
				PRODUCT_BUNDLE_IDENTIFIER = "David-LIU.----Tests";
				PRODUCT_NAME = "$(TARGET_NAME)";
				SDKROOT = auto;
				SUPPORTED_PLATFORMS = "iphoneos iphonesimulator macosx xros xrsimulator";
				SWIFT_EMIT_LOC_STRINGS = NO;
				SWIFT_VERSION = 5.0;
				TARGETED_DEVICE_FAMILY = "1,2,7";
				TEST_HOST = "$(BUILT_PRODUCTS_DIR)/商家账单.app/$(BUNDLE_EXECUTABLE_FOLDER_PATH)/商家账单";
				XROS_DEPLOYMENT_TARGET = 2.5;
			};
			name = Release;
		};
		63FA2FF82DFBD4980080F00D /* Debug */ = {
			isa = XCBuildConfiguration;
			buildSettings = {
				CODE_SIGN_STYLE = Automatic;
				CURRENT_PROJECT_VERSION = 1;
				GENERATE_INFOPLIST_FILE = YES;
				IPHONEOS_DEPLOYMENT_TARGET = 18.5;
				MACOSX_DEPLOYMENT_TARGET = 15.5;
				MARKETING_VERSION = 1.0;
				PRODUCT_BUNDLE_IDENTIFIER = "David-LIU.----UITests";
				PRODUCT_NAME = "$(TARGET_NAME)";
				SDKROOT = auto;
				SUPPORTED_PLATFORMS = "iphoneos iphonesimulator macosx xros xrsimulator";
				SWIFT_EMIT_LOC_STRINGS = NO;
				SWIFT_VERSION = 5.0;
				TARGETED_DEVICE_FAMILY = "1,2,7";
				TEST_TARGET_NAME = "商家账单";
				XROS_DEPLOYMENT_TARGET = 2.5;
			};
			name = Debug;
		};
		63FA2FF92DFBD4980080F00D /* Release */ = {
			isa = XCBuildConfiguration;
			buildSettings = {
				CODE_SIGN_STYLE = Automatic;
				CURRENT_PROJECT_VERSION = 1;
				GENERATE_INFOPLIST_FILE = YES;
				IPHONEOS_DEPLOYMENT_TARGET = 18.5;
				MACOSX_DEPLOYMENT_TARGET = 15.5;
				MARKETING_VERSION = 1.0;
				PRODUCT_BUNDLE_IDENTIFIER = "David-LIU.----UITests";
				PRODUCT_NAME = "$(TARGET_NAME)";
				SDKROOT = auto;
				SUPPORTED_PLATFORMS = "iphoneos iphonesimulator macosx xros xrsimulator";
				SWIFT_EMIT_LOC_STRINGS = NO;
				SWIFT_VERSION = 5.0;
				TARGETED_DEVICE_FAMILY = "1,2,7";
				TEST_TARGET_NAME = "商家账单";
				XROS_DEPLOYMENT_TARGET = 2.5;
			};
			name = Release;
		};
/* End XCBuildConfiguration section */

/* Begin XCConfigurationList section */
		63FA2FCA2DFBD4970080F00D /* Build configuration list for PBXProject "商家账单" */ = {
			isa = XCConfigurationList;
			buildConfigurations = (
				63FA2FEF2DFBD4980080F00D /* Debug */,
				63FA2FF02DFBD4980080F00D /* Release */,
			);
			defaultConfigurationIsVisible = 0;
			defaultConfigurationName = Release;
		};
		63FA2FF12DFBD4980080F00D /* Build configuration list for PBXNativeTarget "商家账单" */ = {
			isa = XCConfigurationList;
			buildConfigurations = (
				63FA2FF22DFBD4980080F00D /* Debug */,
				63FA2FF32DFBD4980080F00D /* Release */,
			);
			defaultConfigurationIsVisible = 0;
			defaultConfigurationName = Release;
		};
		63FA2FF42DFBD4980080F00D /* Build configuration list for PBXNativeTarget "商家账单Tests" */ = {
			isa = XCConfigurationList;
			buildConfigurations = (
				63FA2FF52DFBD4980080F00D /* Debug */,
				63FA2FF62DFBD4980080F00D /* Release */,
			);
			defaultConfigurationIsVisible = 0;
			defaultConfigurationName = Release;
		};
		63FA2FF72DFBD4980080F00D /* Build configuration list for PBXNativeTarget "商家账单UITests" */ = {
			isa = XCConfigurationList;
			buildConfigurations = (
				63FA2FF82DFBD4980080F00D /* Debug */,
				63FA2FF92DFBD4980080F00D /* Release */,
			);
			defaultConfigurationIsVisible = 0;
			defaultConfigurationName = Release;
		};
/* End XCConfigurationList section */

/* Begin XCRemoteSwiftPackageReference section */
		636FA9912DFFC95000DEAA7B /* XCRemoteSwiftPackageReference "ZIPFoundation" */ = {
			isa = XCRemoteSwiftPackageReference;
			repositoryURL = "https://github.com/weichsel/ZIPFoundation.git";
			requirement = {
				kind = upToNextMajorVersion;
				minimumVersion = 0.9.19;
			};
		};
/* End XCRemoteSwiftPackageReference section */

/* Begin XCSwiftPackageProductDependency section */
		636FA9952DFFCAC800DEAA7B /* ZIPFoundation */ = {
			isa = XCSwiftPackageProductDependency;
			package = 636FA9912DFFC95000DEAA7B /* XCRemoteSwiftPackageReference "ZIPFoundation" */;
			productName = ZIPFoundation;
		};
/* End XCSwiftPackageProductDependency section */
	};
	rootObject = 63FA2FC72DFBD4970080F00D /* Project object */;
}
